
Microsoft Visual Studio Solution File, Format Version 12.00
# Visual Studio Version 17
VisualStudioVersion = 17.14.36915.13
MinimumVisualStudioVersion = 10.0.40219.1
Project("{FAE04EC0-301F-11D3-BF4B-00C04F79EFBC}") = "POO_CSharp_Git", "POO_CSharp_Git.csproj", "{F986D546-A171-4C8C-B951-7A4082528A65}"
EndProject
Global
	GlobalSection(SolutionConfigurationPlatforms) = preSolution
		Debug|Any CPU = Debug|Any CPU
		Release|Any CPU = Release|Any CPU
	EndGlobalSection
	GlobalSection(ProjectConfigurationPlatforms) = postSolution
		{F986D546-A171-4C8C-B951-7A4082528A65}.Debug|Any CPU.ActiveCfg = Debug|Any CPU
		{F986D546-A171-4C8C-B951-7A4082528A65}.Debug|Any CPU.Build.0 = Debug|Any CPU
		{F986D546-A171-4C8C-B951-7A4082528A65}.Release|Any CPU.ActiveCfg = Release|Any CPU
		{F986D546-A171-4C8C-B951-7A4082528A65}.Release|Any CPU.Build.0 = Release|Any CPU
	EndGlobalSection
	GlobalSection(SolutionProperties) = preSolution
		HideSolutionNode = FALSE
	EndGlobalSection
	GlobalSection(ExtensibilityGlobals) = postSolution
		SolutionGuid = {9E1E031D-CA13-4543-9FDC-86E036F1D20B}
	EndGlobalSection
EndGlobal
